{
  "nodes": {
    "nixpkgs": {
      "locked": {
        "lastModified": 1711764105,
        "narHash": "sha256-grdYzQHmOJeerXYT+ILeMRV+7S8ov2Nm8nMv55HiSy0=",
        "owner": "NixOS",
        "repo": "nixpkgs",
        "rev": "d5766175de1b5b0e09f7d25c0d552fe4ee617a91",
        "type": "github"
      },
      "original": {
        "owner": "NixOS",
        "repo": "nixpkgs",
        "type": "github"
      }
    },
    "root": {
      "inputs": {
        "nixpkgs": "nixpkgs"
      }
    }
  },
  "root": "root",
  "version": 7
}
